{
  "originHash" : "f9ce4491205528800738ae7c6fc386019d35f98d7bebd2b35c09c55c83493274",
  "pins" : [
    {
      "identity" : "mercurykit",
      "kind" : "remoteSourceControl",
      "location" : "https://github.com/angel12/mercurykit",
      "state" : {
        "revision" : "58d303fa96a6db6b066bdce8d9a24c969acac998",
        "version" : "0.1.0"
      }
    }
  ],
  "version" : 3
}
