{
  "originHash" : "6ec3479a8d46a26227c0b538fede2a29ac166d17d255fa2db14f122aaab952be",
  "pins" : [
    {
      "identity" : "mercurykit",
      "kind" : "remoteSourceControl",
      "location" : "https://github.com/angel12/mercurykit",
      "state" : {
        "revision" : "b165d20abfb304f79c754491f8cbc0120c98512e",
        "version" : "0.2.0"
      }
    }
  ],
  "version" : 3
}
