{
  "originHash" : "4a96ef971424d22352b01596280a04d154cab9783b701d90e64f1e950fdfdb06",
  "pins" : [
    {
      "identity" : "mercurykit",
      "kind" : "remoteSourceControl",
      "location" : "https://github.com/angel12/mercurykit",
      "state" : {
        "revision" : "c49cfc8ad5889a64950c6520b08bb56994dabcef",
        "version" : "0.4.1"
      }
    }
  ],
  "version" : 3
}
