// !$*UTF8*$!
{
	archiveVersion = 1;
	classes = {
	};
	objectVersion = 77;
	objects = {

/* Begin PBXBuildFile section */
		0031121B30D2FAE2CA4A217C /* SidebarView.swift in Sources */ = {isa = PBXBuildFile; fileRef = CD7A5E0A36F16FD09E767AE6 /* SidebarView.swift */; };
		003BB02CEE04C82DE745C92D /* MercuryApp.swift in Sources */ = {isa = PBXBuildFile; fileRef = C3F8E655F17AF012AFCEA205 /* MercuryApp.swift */; };
		16C6B3EB63A57219CDBA6293 /* ConnectView.swift in Sources */ = {isa = PBXBuildFile; fileRef = 8DF179C9F278DF4C94236661 /* ConnectView.swift */; };
		21A656ABC237B3E540CC7FB3 /* HermesTestServer.swift in Sources */ = {isa = PBXBuildFile; fileRef = 7F21A1AC8C5FFD5B691B0C01 /* HermesTestServer.swift */; };
		373A9A3E43875196F86C2ACB /* StatusViews.swift in Sources */ = {isa = PBXBuildFile; fileRef = 10C155E77B1833A19AAA2F00 /* StatusViews.swift */; };
		4828EC5B01A9727856D87971 /* ImagePasteboardReader.swift in Sources */ = {isa = PBXBuildFile; fileRef = 21A4E5B653456C4152778487 /* ImagePasteboardReader.swift */; };
		49807DE024DC02E30AFFDBD8 /* ImagePasteboardReaderTests.swift in Sources */ = {isa = PBXBuildFile; fileRef = 47BAE63C6C10818D90CB6BEA /* ImagePasteboardReaderTests.swift */; };
		56DEB0E5454D3BB45F87A835 /* RootView.swift in Sources */ = {isa = PBXBuildFile; fileRef = C5AB9D4B96A47F2A0E24656A /* RootView.swift */; };
		584BF8743978889C3AD32FC5 /* ImageAttachmentPreparer.swift in Sources */ = {isa = PBXBuildFile; fileRef = BF2385853D812F0AEB3C05FE /* ImageAttachmentPreparer.swift */; };
		6C581D209F0763A1135AEA10 /* ImagePasteboardReader.swift in Sources */ = {isa = PBXBuildFile; fileRef = 21A4E5B653456C4152778487 /* ImagePasteboardReader.swift */; };
		8B349087493237E06C15B9FD /* AppModel.swift in Sources */ = {isa = PBXBuildFile; fileRef = 696FDD7EA0879D6A21F3E07B /* AppModel.swift */; };
		8B5F8EF23C7156F46304EC10 /* ChatController.swift in Sources */ = {isa = PBXBuildFile; fileRef = CB97969196F04F2B48FCB03E /* ChatController.swift */; };
		9040FED1E803A3961F7767EE /* ImageAttachmentPreparer.swift in Sources */ = {isa = PBXBuildFile; fileRef = BF2385853D812F0AEB3C05FE /* ImageAttachmentPreparer.swift */; };
		93CC0EB07156B09EF5B747D5 /* ChatCore in Frameworks */ = {isa = PBXBuildFile; productRef = 100C35A23B0A18D00444F5E1 /* ChatCore */; };
		9F4B8D354F281AC44DEF9CB3 /* MercuryKit in Frameworks */ = {isa = PBXBuildFile; productRef = 6A2149E41114F3E415ACCC47 /* MercuryKit */; };
		A13AC4FAFCA7F638095C7F77 /* AppModelChatLifecycleTests.swift in Sources */ = {isa = PBXBuildFile; fileRef = D5220C37E1E54AD412B7EC6C /* AppModelChatLifecycleTests.swift */; };
		A9518D13DF29336C88CD89AD /* MercuryKit in Frameworks */ = {isa = PBXBuildFile; productRef = 270DCD916107ED2451EA4BB3 /* MercuryKit */; };
		BEA88BE18475FE4759E2506B /* AppModel.swift in Sources */ = {isa = PBXBuildFile; fileRef = 696FDD7EA0879D6A21F3E07B /* AppModel.swift */; };
		C4BAB8A1983DE3C28583DD5E /* ChatController.swift in Sources */ = {isa = PBXBuildFile; fileRef = CB97969196F04F2B48FCB03E /* ChatController.swift */; };
		CED739D997A85C49B4F77C2A /* Assets.xcassets in Resources */ = {isa = PBXBuildFile; fileRef = 94B4B089D4E6BED6ED5CC321 /* Assets.xcassets */; };
		DA96A249BB9D8A0CCCE005A4 /* AppModelCredentialPersistenceTests.swift in Sources */ = {isa = PBXBuildFile; fileRef = E330B9553DB0DD3E42441774 /* AppModelCredentialPersistenceTests.swift */; };
		DD6B0D8AE58DCC9BAB210488 /* TranscriptItemView.swift in Sources */ = {isa = PBXBuildFile; fileRef = 261E6F3253210857B9FD4CDF /* TranscriptItemView.swift */; };
		DDD64F0FF5EAE6CB69646DEE /* ImageAttachmentPreparerTests.swift in Sources */ = {isa = PBXBuildFile; fileRef = AF0EF1FA0B2C23FD41721AD9 /* ImageAttachmentPreparerTests.swift */; };
		E63E885D1E7DE15AC7776528 /* ChatCore in Frameworks */ = {isa = PBXBuildFile; productRef = 39C57500F981C503D4C31DD8 /* ChatCore */; };
		FA95AE9AA589D021659E84B2 /* ChatView.swift in Sources */ = {isa = PBXBuildFile; fileRef = CF52417D9BAD3C00374A1420 /* ChatView.swift */; };
/* End PBXBuildFile section */

/* Begin PBXFileReference section */
		0C99AB79C63CE492D73E34BE /* MercuryTests.xctest */ = {isa = PBXFileReference; explicitFileType = wrapper.cfbundle; includeInIndex = 0; path = MercuryTests.xctest; sourceTree = BUILT_PRODUCTS_DIR; };
		10C155E77B1833A19AAA2F00 /* StatusViews.swift */ = {isa = PBXFileReference; lastKnownFileType = sourcecode.swift; path = StatusViews.swift; sourceTree = "<group>"; };
		10E6E34D97806B51F0F8A12A /* Mercury.entitlements */ = {isa = PBXFileReference; lastKnownFileType = text.plist.entitlements; path = Mercury.entitlements; sourceTree = "<group>"; };
		21A4E5B653456C4152778487 /* ImagePasteboardReader.swift */ = {isa = PBXFileReference; lastKnownFileType = sourcecode.swift; path = ImagePasteboardReader.swift; sourceTree = "<group>"; };
		261E6F3253210857B9FD4CDF /* TranscriptItemView.swift */ = {isa = PBXFileReference; lastKnownFileType = sourcecode.swift; path = TranscriptItemView.swift; sourceTree = "<group>"; };
		31F7DAA740A01BE642F7A9F5 /* Info.plist */ = {isa = PBXFileReference; lastKnownFileType = text.plist; path = Info.plist; sourceTree = "<group>"; };
		47BAE63C6C10818D90CB6BEA /* ImagePasteboardReaderTests.swift */ = {isa = PBXFileReference; lastKnownFileType = sourcecode.swift; path = ImagePasteboardReaderTests.swift; sourceTree = "<group>"; };
		590FA74BCF5DB7884E8C404F /* Mercury.app */ = {isa = PBXFileReference; includeInIndex = 0; lastKnownFileType = wrapper.application; path = Mercury.app; sourceTree = BUILT_PRODUCTS_DIR; };
		5F29F375C5956F20E4F2A200 /* MercuryCore */ = {isa = PBXFileReference; lastKnownFileType = folder; name = MercuryCore; path = Packages/MercuryCore; sourceTree = SOURCE_ROOT; };
		696FDD7EA0879D6A21F3E07B /* AppModel.swift */ = {isa = PBXFileReference; lastKnownFileType = sourcecode.swift; path = AppModel.swift; sourceTree = "<group>"; };
		7F21A1AC8C5FFD5B691B0C01 /* HermesTestServer.swift */ = {isa = PBXFileReference; lastKnownFileType = sourcecode.swift; path = HermesTestServer.swift; sourceTree = "<group>"; };
		8DF179C9F278DF4C94236661 /* ConnectView.swift */ = {isa = PBXFileReference; lastKnownFileType = sourcecode.swift; path = ConnectView.swift; sourceTree = "<group>"; };
		94B4B089D4E6BED6ED5CC321 /* Assets.xcassets */ = {isa = PBXFileReference; lastKnownFileType = folder.assetcatalog; path = Assets.xcassets; sourceTree = "<group>"; };
		AF0EF1FA0B2C23FD41721AD9 /* ImageAttachmentPreparerTests.swift */ = {isa = PBXFileReference; lastKnownFileType = sourcecode.swift; path = ImageAttachmentPreparerTests.swift; sourceTree = "<group>"; };
		BF2385853D812F0AEB3C05FE /* ImageAttachmentPreparer.swift */ = {isa = PBXFileReference; lastKnownFileType = sourcecode.swift; path = ImageAttachmentPreparer.swift; sourceTree = "<group>"; };
		C3F8E655F17AF012AFCEA205 /* MercuryApp.swift */ = {isa = PBXFileReference; lastKnownFileType = sourcecode.swift; path = MercuryApp.swift; sourceTree = "<group>"; };
		C5AB9D4B96A47F2A0E24656A /* RootView.swift */ = {isa = PBXFileReference; lastKnownFileType = sourcecode.swift; path = RootView.swift; sourceTree = "<group>"; };
		CB97969196F04F2B48FCB03E /* ChatController.swift */ = {isa = PBXFileReference; lastKnownFileType = sourcecode.swift; path = ChatController.swift; sourceTree = "<group>"; };
		CD7A5E0A36F16FD09E767AE6 /* SidebarView.swift */ = {isa = PBXFileReference; lastKnownFileType = sourcecode.swift; path = SidebarView.swift; sourceTree = "<group>"; };
		CF52417D9BAD3C00374A1420 /* ChatView.swift */ = {isa = PBXFileReference; lastKnownFileType = sourcecode.swift; path = ChatView.swift; sourceTree = "<group>"; };
		D5220C37E1E54AD412B7EC6C /* AppModelChatLifecycleTests.swift */ = {isa = PBXFileReference; lastKnownFileType = sourcecode.swift; path = AppModelChatLifecycleTests.swift; sourceTree = "<group>"; };
		E330B9553DB0DD3E42441774 /* AppModelCredentialPersistenceTests.swift */ = {isa = PBXFileReference; lastKnownFileType = sourcecode.swift; path = AppModelCredentialPersistenceTests.swift; sourceTree = "<group>"; };
/* End PBXFileReference section */

/* Begin PBXFrameworksBuildPhase section */
		64619E37FFB417BA54700BFB /* Frameworks */ = {
			isa = PBXFrameworksBuildPhase;
			buildActionMask = 2147483647;
			files = (
				A9518D13DF29336C88CD89AD /* MercuryKit in Frameworks */,
				93CC0EB07156B09EF5B747D5 /* ChatCore in Frameworks */,
			);
			runOnlyForDeploymentPostprocessing = 0;
		};
		EE5B0E383509D99E9D9A2B35 /* Frameworks */ = {
			isa = PBXFrameworksBuildPhase;
			buildActionMask = 2147483647;
			files = (
				9F4B8D354F281AC44DEF9CB3 /* MercuryKit in Frameworks */,
				E63E885D1E7DE15AC7776528 /* ChatCore in Frameworks */,
			);
			runOnlyForDeploymentPostprocessing = 0;
		};
/* End PBXFrameworksBuildPhase section */

/* Begin PBXGroup section */
		02D9B97A924CCAA0D001BCD4 = {
			isa = PBXGroup;
			children = (
				32CC2A933D91BD18026CB2F9 /* Mercury */,
				16B9D390B9E721F086B0732D /* MercuryTests */,
				A64A5206569B2C5FC5C81329 /* Packages */,
				C3720C5B3CF5336173F4D614 /* Products */,
			);
			sourceTree = "<group>";
		};
		16B9D390B9E721F086B0732D /* MercuryTests */ = {
			isa = PBXGroup;
			children = (
				D5220C37E1E54AD412B7EC6C /* AppModelChatLifecycleTests.swift */,
				E330B9553DB0DD3E42441774 /* AppModelCredentialPersistenceTests.swift */,
				7F21A1AC8C5FFD5B691B0C01 /* HermesTestServer.swift */,
				AF0EF1FA0B2C23FD41721AD9 /* ImageAttachmentPreparerTests.swift */,
				47BAE63C6C10818D90CB6BEA /* ImagePasteboardReaderTests.swift */,
			);
			path = MercuryTests;
			sourceTree = "<group>";
		};
		32CC2A933D91BD18026CB2F9 /* Mercury */ = {
			isa = PBXGroup;
			children = (
				696FDD7EA0879D6A21F3E07B /* AppModel.swift */,
				94B4B089D4E6BED6ED5CC321 /* Assets.xcassets */,
				CB97969196F04F2B48FCB03E /* ChatController.swift */,
				BF2385853D812F0AEB3C05FE /* ImageAttachmentPreparer.swift */,
				21A4E5B653456C4152778487 /* ImagePasteboardReader.swift */,
				31F7DAA740A01BE642F7A9F5 /* Info.plist */,
				10E6E34D97806B51F0F8A12A /* Mercury.entitlements */,
				C3F8E655F17AF012AFCEA205 /* MercuryApp.swift */,
				34EF0B497D35DDAC5A3A45EA /* Views */,
			);
			path = Mercury;
			sourceTree = "<group>";
		};
		34EF0B497D35DDAC5A3A45EA /* Views */ = {
			isa = PBXGroup;
			children = (
				CF52417D9BAD3C00374A1420 /* ChatView.swift */,
				8DF179C9F278DF4C94236661 /* ConnectView.swift */,
				C5AB9D4B96A47F2A0E24656A /* RootView.swift */,
				CD7A5E0A36F16FD09E767AE6 /* SidebarView.swift */,
				10C155E77B1833A19AAA2F00 /* StatusViews.swift */,
				261E6F3253210857B9FD4CDF /* TranscriptItemView.swift */,
			);
			path = Views;
			sourceTree = "<group>";
		};
		A64A5206569B2C5FC5C81329 /* Packages */ = {
			isa = PBXGroup;
			children = (
				5F29F375C5956F20E4F2A200 /* MercuryCore */,
			);
			path = Packages;
			sourceTree = "<group>";
		};
		C3720C5B3CF5336173F4D614 /* Products */ = {
			isa = PBXGroup;
			children = (
				590FA74BCF5DB7884E8C404F /* Mercury.app */,
				0C99AB79C63CE492D73E34BE /* MercuryTests.xctest */,
			);
			name = Products;
			sourceTree = "<group>";
		};
/* End PBXGroup section */

/* Begin PBXNativeTarget section */
		026B3BB983239FEF2D64B554 /* MercuryTests */ = {
			isa = PBXNativeTarget;
			buildConfigurationList = 4E5838CC5F72E5210C877A12 /* Build configuration list for PBXNativeTarget "MercuryTests" */;
			buildPhases = (
				F05A5A779DC1E237DE9DD353 /* Sources */,
				EE5B0E383509D99E9D9A2B35 /* Frameworks */,
			);
			buildRules = (
			);
			dependencies = (
			);
			name = MercuryTests;
			packageProductDependencies = (
				6A2149E41114F3E415ACCC47 /* MercuryKit */,
				39C57500F981C503D4C31DD8 /* ChatCore */,
			);
			productName = MercuryTests;
			productReference = 0C99AB79C63CE492D73E34BE /* MercuryTests.xctest */;
			productType = "com.apple.product-type.bundle.unit-test";
		};
		55A5F29E8FABDD5E83B6B3AD /* Mercury */ = {
			isa = PBXNativeTarget;
			buildConfigurationList = A08FC03B4A5260759541AF7B /* Build configuration list for PBXNativeTarget "Mercury" */;
			buildPhases = (
				00FB6501EAF9E16342F3E5A0 /* Sources */,
				CBA9186514A23A02FEB963E8 /* Resources */,
				64619E37FFB417BA54700BFB /* Frameworks */,
			);
			buildRules = (
			);
			dependencies = (
			);
			name = Mercury;
			packageProductDependencies = (
				270DCD916107ED2451EA4BB3 /* MercuryKit */,
				100C35A23B0A18D00444F5E1 /* ChatCore */,
			);
			productName = Mercury;
			productReference = 590FA74BCF5DB7884E8C404F /* Mercury.app */;
			productType = "com.apple.product-type.application";
		};
/* End PBXNativeTarget section */

/* Begin PBXProject section */
		F2FD6F177294F0C6ED22C31C /* Project object */ = {
			isa = PBXProject;
			attributes = {
				BuildIndependentTargetsInParallel = YES;
				LastUpgradeCheck = 1600;
				TargetAttributes = {
					026B3BB983239FEF2D64B554 = {
						ProvisioningStyle = Automatic;
					};
					55A5F29E8FABDD5E83B6B3AD = {
						DevelopmentTeam = Z4JCFHY88D;
						ProvisioningStyle = Automatic;
					};
				};
			};
			buildConfigurationList = 722BC670234ED650AAA60C22 /* Build configuration list for PBXProject "Mercury" */;
			developmentRegion = en;
			hasScannedForEncodings = 0;
			knownRegions = (
				Base,
				en,
			);
			mainGroup = 02D9B97A924CCAA0D001BCD4;
			minimizedProjectReferenceProxies = 1;
			packageReferences = (
				3D2440CC248BD21D88656E73 /* XCLocalSwiftPackageReference "Packages/MercuryCore" */,
			);
			preferredProjectObjectVersion = 77;
			productRefGroup = C3720C5B3CF5336173F4D614 /* Products */;
			projectDirPath = "";
			projectRoot = "";
			targets = (
				026B3BB983239FEF2D64B554 /* MercuryTests */,
				55A5F29E8FABDD5E83B6B3AD /* Mercury */,
			);
		};
/* End PBXProject section */

/* Begin PBXResourcesBuildPhase section */
		CBA9186514A23A02FEB963E8 /* Resources */ = {
			isa = PBXResourcesBuildPhase;
			buildActionMask = 2147483647;
			files = (
				CED739D997A85C49B4F77C2A /* Assets.xcassets in Resources */,
			);
			runOnlyForDeploymentPostprocessing = 0;
		};
/* End PBXResourcesBuildPhase section */

/* Begin PBXSourcesBuildPhase section */
		00FB6501EAF9E16342F3E5A0 /* Sources */ = {
			isa = PBXSourcesBuildPhase;
			buildActionMask = 2147483647;
			files = (
				8B349087493237E06C15B9FD /* AppModel.swift in Sources */,
				8B5F8EF23C7156F46304EC10 /* ChatController.swift in Sources */,
				FA95AE9AA589D021659E84B2 /* ChatView.swift in Sources */,
				16C6B3EB63A57219CDBA6293 /* ConnectView.swift in Sources */,
				584BF8743978889C3AD32FC5 /* ImageAttachmentPreparer.swift in Sources */,
				6C581D209F0763A1135AEA10 /* ImagePasteboardReader.swift in Sources */,
				003BB02CEE04C82DE745C92D /* MercuryApp.swift in Sources */,
				56DEB0E5454D3BB45F87A835 /* RootView.swift in Sources */,
				0031121B30D2FAE2CA4A217C /* SidebarView.swift in Sources */,
				373A9A3E43875196F86C2ACB /* StatusViews.swift in Sources */,
				DD6B0D8AE58DCC9BAB210488 /* TranscriptItemView.swift in Sources */,
			);
			runOnlyForDeploymentPostprocessing = 0;
		};
		F05A5A779DC1E237DE9DD353 /* Sources */ = {
			isa = PBXSourcesBuildPhase;
			buildActionMask = 2147483647;
			files = (
				BEA88BE18475FE4759E2506B /* AppModel.swift in Sources */,
				A13AC4FAFCA7F638095C7F77 /* AppModelChatLifecycleTests.swift in Sources */,
				DA96A249BB9D8A0CCCE005A4 /* AppModelCredentialPersistenceTests.swift in Sources */,
				C4BAB8A1983DE3C28583DD5E /* ChatController.swift in Sources */,
				21A656ABC237B3E540CC7FB3 /* HermesTestServer.swift in Sources */,
				9040FED1E803A3961F7767EE /* ImageAttachmentPreparer.swift in Sources */,
				DDD64F0FF5EAE6CB69646DEE /* ImageAttachmentPreparerTests.swift in Sources */,
				4828EC5B01A9727856D87971 /* ImagePasteboardReader.swift in Sources */,
				49807DE024DC02E30AFFDBD8 /* ImagePasteboardReaderTests.swift in Sources */,
			);
			runOnlyForDeploymentPostprocessing = 0;
		};
/* End PBXSourcesBuildPhase section */

/* Begin XCBuildConfiguration section */
		2D2317550FF4BFD365C668DF /* Release */ = {
			isa = XCBuildConfiguration;
			buildSettings = {
				ASSETCATALOG_COMPILER_APPICON_NAME = AppIcon;
				"ASSETCATALOG_COMPILER_APPICON_NAME[sdk=xros*]" = AppIconVision;
				"ASSETCATALOG_COMPILER_APPICON_NAME[sdk=xrsimulator*]" = AppIconVision;
				CODE_SIGN_ENTITLEMENTS = Mercury/Mercury.entitlements;
				CODE_SIGN_IDENTITY = "iPhone Developer";
				CODE_SIGN_STYLE = Automatic;
				CURRENT_PROJECT_VERSION = 1;
				DEVELOPMENT_TEAM = Z4JCFHY88D;
				ENABLE_HARDENED_RUNTIME = YES;
				INFOPLIST_FILE = Mercury/Info.plist;
				LD_RUNPATH_SEARCH_PATHS = (
					"$(inherited)",
					"@executable_path/Frameworks",
				);
				MARKETING_VERSION = 0.1.0;
				PRODUCT_BUNDLE_IDENTIFIER = com.spencermcguire.mercurychat;
				SDKROOT = auto;
				SUPPORTED_PLATFORMS = "iphoneos iphonesimulator xros xrsimulator macosx";
				SUPPORTS_MACCATALYST = NO;
				SUPPORTS_MAC_DESIGNED_FOR_IPHONE_IPAD = NO;
				SUPPORTS_XR_DESIGNED_FOR_IPHONE_IPAD = NO;
				SWIFT_STRICT_CONCURRENCY = complete;
				SWIFT_VERSION = 6.0;
				TARGETED_DEVICE_FAMILY = "1,2,7";
			};
			name = Release;
		};
		4B321F731F4D40F98ED0AE97 /* Debug */ = {
			isa = XCBuildConfiguration;
			buildSettings = {
				ASSETCATALOG_COMPILER_APPICON_NAME = AppIcon;
				"ASSETCATALOG_COMPILER_APPICON_NAME[sdk=xros*]" = AppIconVision;
				"ASSETCATALOG_COMPILER_APPICON_NAME[sdk=xrsimulator*]" = AppIconVision;
				CODE_SIGN_ENTITLEMENTS = Mercury/Mercury.entitlements;
				CODE_SIGN_IDENTITY = "iPhone Developer";
				CODE_SIGN_STYLE = Automatic;
				CURRENT_PROJECT_VERSION = 1;
				DEVELOPMENT_TEAM = Z4JCFHY88D;
				ENABLE_HARDENED_RUNTIME = YES;
				INFOPLIST_FILE = Mercury/Info.plist;
				LD_RUNPATH_SEARCH_PATHS = (
					"$(inherited)",
					"@executable_path/Frameworks",
				);
				MARKETING_VERSION = 0.1.0;
				PRODUCT_BUNDLE_IDENTIFIER = com.spencermcguire.mercurychat;
				SDKROOT = auto;
				SUPPORTED_PLATFORMS = "iphoneos iphonesimulator xros xrsimulator macosx";
				SUPPORTS_MACCATALYST = NO;
				SUPPORTS_MAC_DESIGNED_FOR_IPHONE_IPAD = NO;
				SUPPORTS_XR_DESIGNED_FOR_IPHONE_IPAD = NO;
				SWIFT_STRICT_CONCURRENCY = complete;
				SWIFT_VERSION = 6.0;
				TARGETED_DEVICE_FAMILY = "1,2,7";
			};
			name = Debug;
		};
		6C3E228B3EE4099909D01CC5 /* Debug */ = {
			isa = XCBuildConfiguration;
			buildSettings = {
				ALWAYS_SEARCH_USER_PATHS = NO;
				CLANG_ANALYZER_NONNULL = YES;
				CLANG_ANALYZER_NUMBER_OBJECT_CONVERSION = YES_AGGRESSIVE;
				CLANG_CXX_LANGUAGE_STANDARD = "gnu++14";
				CLANG_CXX_LIBRARY = "libc++";
				CLANG_ENABLE_MODULES = YES;
				CLANG_ENABLE_OBJC_ARC = YES;
				CLANG_ENABLE_OBJC_WEAK = YES;
				CLANG_WARN_BLOCK_CAPTURE_AUTORELEASING = YES;
				CLANG_WARN_BOOL_CONVERSION = YES;
				CLANG_WARN_COMMA = YES;
				CLANG_WARN_CONSTANT_CONVERSION = YES;
				CLANG_WARN_DEPRECATED_OBJC_IMPLEMENTATIONS = YES;
				CLANG_WARN_DIRECT_OBJC_ISA_USAGE = YES_ERROR;
				CLANG_WARN_DOCUMENTATION_COMMENTS = YES;
				CLANG_WARN_EMPTY_BODY = YES;
				CLANG_WARN_ENUM_CONVERSION = YES;
				CLANG_WARN_INFINITE_RECURSION = YES;
				CLANG_WARN_INT_CONVERSION = YES;
				CLANG_WARN_NON_LITERAL_NULL_CONVERSION = YES;
				CLANG_WARN_OBJC_IMPLICIT_RETAIN_SELF = YES;
				CLANG_WARN_OBJC_LITERAL_CONVERSION = YES;
				CLANG_WARN_OBJC_ROOT_CLASS = YES_ERROR;
				CLANG_WARN_QUOTED_INCLUDE_IN_FRAMEWORK_HEADER = YES;
				CLANG_WARN_RANGE_LOOP_ANALYSIS = YES;
				CLANG_WARN_STRICT_PROTOTYPES = YES;
				CLANG_WARN_SUSPICIOUS_MOVE = YES;
				CLANG_WARN_UNGUARDED_AVAILABILITY = YES_AGGRESSIVE;
				CLANG_WARN_UNREACHABLE_CODE = YES;
				CLANG_WARN__DUPLICATE_METHOD_MATCH = YES;
				COPY_PHASE_STRIP = NO;
				DEBUG_INFORMATION_FORMAT = dwarf;
				ENABLE_STRICT_OBJC_MSGSEND = YES;
				ENABLE_TESTABILITY = YES;
				GCC_C_LANGUAGE_STANDARD = gnu11;
				GCC_DYNAMIC_NO_PIC = NO;
				GCC_NO_COMMON_BLOCKS = YES;
				GCC_OPTIMIZATION_LEVEL = 0;
				GCC_PREPROCESSOR_DEFINITIONS = (
					"$(inherited)",
					"DEBUG=1",
				);
				GCC_WARN_64_TO_32_BIT_CONVERSION = YES;
				GCC_WARN_ABOUT_RETURN_TYPE = YES_ERROR;
				GCC_WARN_UNDECLARED_SELECTOR = YES;
				GCC_WARN_UNINITIALIZED_AUTOS = YES_AGGRESSIVE;
				GCC_WARN_UNUSED_FUNCTION = YES;
				GCC_WARN_UNUSED_VARIABLE = YES;
				IPHONEOS_DEPLOYMENT_TARGET = 17.0;
				MACOSX_DEPLOYMENT_TARGET = 14.0;
				MTL_ENABLE_DEBUG_INFO = INCLUDE_SOURCE;
				MTL_FAST_MATH = YES;
				ONLY_ACTIVE_ARCH = YES;
				PRODUCT_NAME = "$(TARGET_NAME)";
				SWIFT_ACTIVE_COMPILATION_CONDITIONS = DEBUG;
				SWIFT_OPTIMIZATION_LEVEL = "-Onone";
				SWIFT_VERSION = 5.0;
				XROS_DEPLOYMENT_TARGET = 2.0;
			};
			name = Debug;
		};
		94EA9C6A24841A361FB9E426 /* Release */ = {
			isa = XCBuildConfiguration;
			buildSettings = {
				ALWAYS_SEARCH_USER_PATHS = NO;
				CLANG_ANALYZER_NONNULL = YES;
				CLANG_ANALYZER_NUMBER_OBJECT_CONVERSION = YES_AGGRESSIVE;
				CLANG_CXX_LANGUAGE_STANDARD = "gnu++14";
				CLANG_CXX_LIBRARY = "libc++";
				CLANG_ENABLE_MODULES = YES;
				CLANG_ENABLE_OBJC_ARC = YES;
				CLANG_ENABLE_OBJC_WEAK = YES;
				CLANG_WARN_BLOCK_CAPTURE_AUTORELEASING = YES;
				CLANG_WARN_BOOL_CONVERSION = YES;
				CLANG_WARN_COMMA = YES;
				CLANG_WARN_CONSTANT_CONVERSION = YES;
				CLANG_WARN_DEPRECATED_OBJC_IMPLEMENTATIONS = YES;
				CLANG_WARN_DIRECT_OBJC_ISA_USAGE = YES_ERROR;
				CLANG_WARN_DOCUMENTATION_COMMENTS = YES;
				CLANG_WARN_EMPTY_BODY = YES;
				CLANG_WARN_ENUM_CONVERSION = YES;
				CLANG_WARN_INFINITE_RECURSION = YES;
				CLANG_WARN_INT_CONVERSION = YES;
				CLANG_WARN_NON_LITERAL_NULL_CONVERSION = YES;
				CLANG_WARN_OBJC_IMPLICIT_RETAIN_SELF = YES;
				CLANG_WARN_OBJC_LITERAL_CONVERSION = YES;
				CLANG_WARN_OBJC_ROOT_CLASS = YES_ERROR;
				CLANG_WARN_QUOTED_INCLUDE_IN_FRAMEWORK_HEADER = YES;
				CLANG_WARN_RANGE_LOOP_ANALYSIS = YES;
				CLANG_WARN_STRICT_PROTOTYPES = YES;
				CLANG_WARN_SUSPICIOUS_MOVE = YES;
				CLANG_WARN_UNGUARDED_AVAILABILITY = YES_AGGRESSIVE;
				CLANG_WARN_UNREACHABLE_CODE = YES;
				CLANG_WARN__DUPLICATE_METHOD_MATCH = YES;
				COPY_PHASE_STRIP = NO;
				DEBUG_INFORMATION_FORMAT = "dwarf-with-dsym";
				ENABLE_NS_ASSERTIONS = NO;
				ENABLE_STRICT_OBJC_MSGSEND = YES;
				GCC_C_LANGUAGE_STANDARD = gnu11;
				GCC_NO_COMMON_BLOCKS = YES;
				GCC_WARN_64_TO_32_BIT_CONVERSION = YES;
				GCC_WARN_ABOUT_RETURN_TYPE = YES_ERROR;
				GCC_WARN_UNDECLARED_SELECTOR = YES;
				GCC_WARN_UNINITIALIZED_AUTOS = YES_AGGRESSIVE;
				GCC_WARN_UNUSED_FUNCTION = YES;
				GCC_WARN_UNUSED_VARIABLE = YES;
				IPHONEOS_DEPLOYMENT_TARGET = 17.0;
				MACOSX_DEPLOYMENT_TARGET = 14.0;
				MTL_ENABLE_DEBUG_INFO = NO;
				MTL_FAST_MATH = YES;
				PRODUCT_NAME = "$(TARGET_NAME)";
				SWIFT_COMPILATION_MODE = wholemodule;
				SWIFT_OPTIMIZATION_LEVEL = "-O";
				SWIFT_VERSION = 5.0;
				XROS_DEPLOYMENT_TARGET = 2.0;
			};
			name = Release;
		};
		C61F770FDD5E0F266D592BEC /* Release */ = {
			isa = XCBuildConfiguration;
			buildSettings = {
				BUNDLE_LOADER = "$(TEST_HOST)";
				CODE_SIGNING_ALLOWED = NO;
				CODE_SIGN_STYLE = Automatic;
				COMBINE_HIDPI_IMAGES = YES;
				LD_RUNPATH_SEARCH_PATHS = (
					"$(inherited)",
					"@executable_path/../Frameworks",
					"@loader_path/../Frameworks",
				);
				MACOSX_DEPLOYMENT_TARGET = 14.0;
				PRODUCT_BUNDLE_IDENTIFIER = com.spencermcguire.mercurychat.MercuryTests;
				SDKROOT = macosx;
				SWIFT_STRICT_CONCURRENCY = complete;
				SWIFT_VERSION = 6.0;
			};
			name = Release;
		};
		C79BDFCC43F06DB8C00C07D3 /* Debug */ = {
			isa = XCBuildConfiguration;
			buildSettings = {
				BUNDLE_LOADER = "$(TEST_HOST)";
				CODE_SIGNING_ALLOWED = NO;
				CODE_SIGN_STYLE = Automatic;
				COMBINE_HIDPI_IMAGES = YES;
				LD_RUNPATH_SEARCH_PATHS = (
					"$(inherited)",
					"@executable_path/../Frameworks",
					"@loader_path/../Frameworks",
				);
				MACOSX_DEPLOYMENT_TARGET = 14.0;
				PRODUCT_BUNDLE_IDENTIFIER = com.spencermcguire.mercurychat.MercuryTests;
				SDKROOT = macosx;
				SWIFT_STRICT_CONCURRENCY = complete;
				SWIFT_VERSION = 6.0;
			};
			name = Debug;
		};
/* End XCBuildConfiguration section */

/* Begin XCConfigurationList section */
		4E5838CC5F72E5210C877A12 /* Build configuration list for PBXNativeTarget "MercuryTests" */ = {
			isa = XCConfigurationList;
			buildConfigurations = (
				C79BDFCC43F06DB8C00C07D3 /* Debug */,
				C61F770FDD5E0F266D592BEC /* Release */,
			);
			defaultConfigurationIsVisible = 0;
			defaultConfigurationName = Debug;
		};
		722BC670234ED650AAA60C22 /* Build configuration list for PBXProject "Mercury" */ = {
			isa = XCConfigurationList;
			buildConfigurations = (
				6C3E228B3EE4099909D01CC5 /* Debug */,
				94EA9C6A24841A361FB9E426 /* Release */,
			);
			defaultConfigurationIsVisible = 0;
			defaultConfigurationName = Debug;
		};
		A08FC03B4A5260759541AF7B /* Build configuration list for PBXNativeTarget "Mercury" */ = {
			isa = XCConfigurationList;
			buildConfigurations = (
				4B321F731F4D40F98ED0AE97 /* Debug */,
				2D2317550FF4BFD365C668DF /* Release */,
			);
			defaultConfigurationIsVisible = 0;
			defaultConfigurationName = Debug;
		};
/* End XCConfigurationList section */

/* Begin XCLocalSwiftPackageReference section */
		3D2440CC248BD21D88656E73 /* XCLocalSwiftPackageReference "Packages/MercuryCore" */ = {
			isa = XCLocalSwiftPackageReference;
			relativePath = Packages/MercuryCore;
		};
/* End XCLocalSwiftPackageReference section */

/* Begin XCSwiftPackageProductDependency section */
		100C35A23B0A18D00444F5E1 /* ChatCore */ = {
			isa = XCSwiftPackageProductDependency;
			productName = ChatCore;
		};
		270DCD916107ED2451EA4BB3 /* MercuryKit */ = {
			isa = XCSwiftPackageProductDependency;
			productName = MercuryKit;
		};
		39C57500F981C503D4C31DD8 /* ChatCore */ = {
			isa = XCSwiftPackageProductDependency;
			productName = ChatCore;
		};
		6A2149E41114F3E415ACCC47 /* MercuryKit */ = {
			isa = XCSwiftPackageProductDependency;
			productName = MercuryKit;
		};
/* End XCSwiftPackageProductDependency section */
	};
	rootObject = F2FD6F177294F0C6ED22C31C /* Project object */;
}
